
Microsoft Visual Studio Solution File, Format Version 12.00
# Visual Studio Version 16
VisualStudioVersion = 16.0.30804.86
MinimumVisualStudioVersion = 10.0.40219.1
Project("{FAE04EC0-301F-11D3-BF4B-00C04F79EFBC}") = "Vita-FTPI-Core", "Vita-FTPI-Core\Vita-FTPI-Core.csproj", "{E6DB6541-DE13-43C1-B040-050EF914D7FA}"
EndProject
Global
	GlobalSection(SolutionConfigurationPlatforms) = preSolution
		Debug|Any CPU = Debug|Any CPU
		Release|Any CPU = Release|Any CPU
	EndGlobalSection
	GlobalSection(ProjectConfigurationPlatforms) = postSolution
		{E6DB6541-DE13-43C1-B040-050EF914D7FA}.Debug|Any CPU.ActiveCfg = Debug|Any CPU
		{E6DB6541-DE13-43C1-B040-050EF914D7FA}.Debug|Any CPU.Build.0 = Debug|Any CPU
		{E6DB6541-DE13-43C1-B040-050EF914D7FA}.Release|Any CPU.ActiveCfg = Release|Any CPU
		{E6DB6541-DE13-43C1-B040-050EF914D7FA}.Release|Any CPU.Build.0 = Release|Any CPU
	EndGlobalSection
	GlobalSection(SolutionProperties) = preSolution
		HideSolutionNode = FALSE
	EndGlobalSection
	GlobalSection(ExtensibilityGlobals) = postSolution
		SolutionGuid = {1C5A1D7E-667A-4536-8FBF-3471E19C152F}
	EndGlobalSection
EndGlobal
